
Microsoft Visual Studio Solution File, Format Version 12.00
# Visual Studio Version 16
VisualStudioVersion = 16.0.30114.105
MinimumVisualStudioVersion = 10.0.40219.1
Project("{FAE04EC0-301F-11D3-BF4B-00C04F79EFBC}") = "dumper", "dumper\dumper.csproj", "{38DCE29D-2C15-4BD1-B986-DFF13EDF4166}"
EndProject
Global
	GlobalSection(SolutionConfigurationPlatforms) = preSolution
		Debug|Any CPU = Debug|Any CPU
		Release|Any CPU = Release|Any CPU
	EndGlobalSection
	GlobalSection(ProjectConfigurationPlatforms) = postSolution
		{38DCE29D-2C15-4BD1-B986-DFF13EDF4166}.Debug|Any CPU.ActiveCfg = Debug|Any CPU
		{38DCE29D-2C15-4BD1-B986-DFF13EDF4166}.Debug|Any CPU.Build.0 = Debug|Any CPU
		{38DCE29D-2C15-4BD1-B986-DFF13EDF4166}.Release|Any CPU.ActiveCfg = Release|Any CPU
		{38DCE29D-2C15-4BD1-B986-DFF13EDF4166}.Release|Any CPU.Build.0 = Release|Any CPU
	EndGlobalSection
	GlobalSection(SolutionProperties) = preSolution
		HideSolutionNode = FALSE
	EndGlobalSection
	GlobalSection(ExtensibilityGlobals) = postSolution
		SolutionGuid = {0CD81356-E82F-404E-ACA9-74AA64FF8C62}
	EndGlobalSection
EndGlobal
